
Microsoft Visual Studio Solution File, Format Version 12.00
# Visual Studio Version 16
VisualStudioVersion = 16.0.31410.357
MinimumVisualStudioVersion = 10.0.40219.1
Project("{9A19103F-16F7-4668-BE54-9A1E7A4F7556}") = "EY.Data", "..\EY.Data\EY.Data.csproj", "{877FCAE0-34B9-47F3-BE23-D62AEB6C4B96}"
EndProject
Project("{9A19103F-16F7-4668-BE54-9A1E7A4F7556}") = "EY.Core", "..\EY.Core\EY.Core.csproj", "{764ADC54-57B3-42A8-8291-447BDC324335}"
EndProject
Project("{9A19103F-16F7-4668-BE54-9A1E7A4F7556}") = "EY.BL", "..\EY.BL\EY.BL.csproj", "{F0F44BB9-F580-4A6F-BDD9-E65AD13632B3}"
EndProject
Project("{FAE04EC0-301F-11D3-BF4B-00C04F79EFBC}") = "EY.Test", "..\EY.Test\EY.Test.csproj", "{1ACBC9FB-42C7-43FE-BBA9-E89BB276B8AD}"
EndProject
Global
	GlobalSection(SolutionConfigurationPlatforms) = preSolution
		Debug|Any CPU = Debug|Any CPU
		Release|Any CPU = Release|Any CPU
	EndGlobalSection
	GlobalSection(ProjectConfigurationPlatforms) = postSolution
		{877FCAE0-34B9-47F3-BE23-D62AEB6C4B96}.Debug|Any CPU.ActiveCfg = Debug|Any CPU
		{877FCAE0-34B9-47F3-BE23-D62AEB6C4B96}.Debug|Any CPU.Build.0 = Debug|Any CPU
		{877FCAE0-34B9-47F3-BE23-D62AEB6C4B96}.Release|Any CPU.ActiveCfg = Release|Any CPU
		{877FCAE0-34B9-47F3-BE23-D62AEB6C4B96}.Release|Any CPU.Build.0 = Release|Any CPU
		{764ADC54-57B3-42A8-8291-447BDC324335}.Debug|Any CPU.ActiveCfg = Debug|Any CPU
		{764ADC54-57B3-42A8-8291-447BDC324335}.Debug|Any CPU.Build.0 = Debug|Any CPU
		{764ADC54-57B3-42A8-8291-447BDC324335}.Release|Any CPU.ActiveCfg = Release|Any CPU
		{764ADC54-57B3-42A8-8291-447BDC324335}.Release|Any CPU.Build.0 = Release|Any CPU
		{F0F44BB9-F580-4A6F-BDD9-E65AD13632B3}.Debug|Any CPU.ActiveCfg = Debug|Any CPU
		{F0F44BB9-F580-4A6F-BDD9-E65AD13632B3}.Debug|Any CPU.Build.0 = Debug|Any CPU
		{F0F44BB9-F580-4A6F-BDD9-E65AD13632B3}.Release|Any CPU.ActiveCfg = Release|Any CPU
		{F0F44BB9-F580-4A6F-BDD9-E65AD13632B3}.Release|Any CPU.Build.0 = Release|Any CPU
		{1ACBC9FB-42C7-43FE-BBA9-E89BB276B8AD}.Debug|Any CPU.ActiveCfg = Debug|Any CPU
		{1ACBC9FB-42C7-43FE-BBA9-E89BB276B8AD}.Debug|Any CPU.Build.0 = Debug|Any CPU
		{1ACBC9FB-42C7-43FE-BBA9-E89BB276B8AD}.Release|Any CPU.ActiveCfg = Release|Any CPU
		{1ACBC9FB-42C7-43FE-BBA9-E89BB276B8AD}.Release|Any CPU.Build.0 = Release|Any CPU
	EndGlobalSection
	GlobalSection(SolutionProperties) = preSolution
		HideSolutionNode = FALSE
	EndGlobalSection
	GlobalSection(ExtensibilityGlobals) = postSolution
		SolutionGuid = {7596C3AB-10EF-42CC-B07A-85150DB2A9F5}
	EndGlobalSection
EndGlobal
